
Microsoft Visual Studio Solution File, Format Version 12.00
# Visual Studio Version 17
VisualStudioVersion = 17.5.002.0
MinimumVisualStudioVersion = 10.0.40219.1
Project("{9A19103F-16F7-4668-BE54-9A1E7A4F7556}") = "BookStore", "BookStore.csproj", "{D6B70911-4662-439A-9631-8E74B4F45577}"
EndProject
Global
	GlobalSection(SolutionConfigurationPlatforms) = preSolution
		Debug|Any CPU = Debug|Any CPU
		Release|Any CPU = Release|Any CPU
	EndGlobalSection
	GlobalSection(ProjectConfigurationPlatforms) = postSolution
		{D6B70911-4662-439A-9631-8E74B4F45577}.Debug|Any CPU.ActiveCfg = Debug|Any CPU
		{D6B70911-4662-439A-9631-8E74B4F45577}.Debug|Any CPU.Build.0 = Debug|Any CPU
		{D6B70911-4662-439A-9631-8E74B4F45577}.Release|Any CPU.ActiveCfg = Release|Any CPU
		{D6B70911-4662-439A-9631-8E74B4F45577}.Release|Any CPU.Build.0 = Release|Any CPU
	EndGlobalSection
	GlobalSection(SolutionProperties) = preSolution
		HideSolutionNode = FALSE
	EndGlobalSection
	GlobalSection(ExtensibilityGlobals) = postSolution
		SolutionGuid = {D555CCAD-99FC-4FB4-8148-7BC4505AF708}
	EndGlobalSection
EndGlobal
